
Microsoft Visual Studio Solution File, Format Version 12.00
# Visual Studio Version 16
VisualStudioVersion = 16.0.34407.143
MinimumVisualStudioVersion = 10.0.40219.1
Project("{FAE04EC0-301F-11D3-BF4B-00C04F79EFBC}") = "IntreDesktop", "IntreDesktop\IntreDesktop.csproj", "{AB5E07DC-19C4-429B-AE80-0A85CE5373E5}"
EndProject
Global
	GlobalSection(SolutionConfigurationPlatforms) = preSolution
		Debug|Any CPU = Debug|Any CPU
		Release|Any CPU = Release|Any CPU
	EndGlobalSection
	GlobalSection(ProjectConfigurationPlatforms) = postSolution
		{AB5E07DC-19C4-429B-AE80-0A85CE5373E5}.Debug|Any CPU.ActiveCfg = Debug|Any CPU
		{AB5E07DC-19C4-429B-AE80-0A85CE5373E5}.Debug|Any CPU.Build.0 = Debug|Any CPU
		{AB5E07DC-19C4-429B-AE80-0A85CE5373E5}.Release|Any CPU.ActiveCfg = Release|Any CPU
		{AB5E07DC-19C4-429B-AE80-0A85CE5373E5}.Release|Any CPU.Build.0 = Release|Any CPU
	EndGlobalSection
	GlobalSection(SolutionProperties) = preSolution
		HideSolutionNode = FALSE
	EndGlobalSection
	GlobalSection(ExtensibilityGlobals) = postSolution
		SolutionGuid = {57F03964-2DEC-41AC-BD78-58307F7C7D54}
	EndGlobalSection
EndGlobal
